
Microsoft Visual Studio Solution File, Format Version 12.00
# Visual Studio Version 16
VisualStudioVersion = 16.0.31702.278
MinimumVisualStudioVersion = 10.0.40219.1
Project("{FAE04EC0-301F-11D3-BF4B-00C04F79EFBC}") = "PracticaGit-SCJ2122", "PracticaGit-SCJ2122\PracticaGit-SCJ2122.csproj", "{15BC3AC4-9EE0-4580-8C91-23CDBD57602D}"
EndProject
Global
	GlobalSection(SolutionConfigurationPlatforms) = preSolution
		Debug|Any CPU = Debug|Any CPU
		Release|Any CPU = Release|Any CPU
	EndGlobalSection
	GlobalSection(ProjectConfigurationPlatforms) = postSolution
		{15BC3AC4-9EE0-4580-8C91-23CDBD57602D}.Debug|Any CPU.ActiveCfg = Debug|Any CPU
		{15BC3AC4-9EE0-4580-8C91-23CDBD57602D}.Debug|Any CPU.Build.0 = Debug|Any CPU
		{15BC3AC4-9EE0-4580-8C91-23CDBD57602D}.Release|Any CPU.ActiveCfg = Release|Any CPU
		{15BC3AC4-9EE0-4580-8C91-23CDBD57602D}.Release|Any CPU.Build.0 = Release|Any CPU
	EndGlobalSection
	GlobalSection(SolutionProperties) = preSolution
		HideSolutionNode = FALSE
	EndGlobalSection
	GlobalSection(ExtensibilityGlobals) = postSolution
		SolutionGuid = {11BC0E55-1E78-491E-9054-A6F715714C1A}
	EndGlobalSection
EndGlobal
